// !$*UTF8*$!
{
	archiveVersion = 1;
	classes = {
	};
	objectVersion = 46;
	objects = {

/* Begin PBXBuildFile section */
		230B0A2E1ED59ADB00892467 /* PreviewViewControllerTests.swift in Sources */ = {isa = PBXBuildFile; fileRef = 230B0A2D1ED59ADB00892467 /* PreviewViewControllerTests.swift */; };
		231026E91EC0ADCD00920F40 /* GiniSwitchConsoleLoggerTests.swift in Sources */ = {isa = PBXBuildFile; fileRef = 231026E81EC0ADCD00920F40 /* GiniSwitchConsoleLoggerTests.swift */; };
		231026F71EC1F35100920F40 /* MultiPageScanViewControllerTests.swift in Sources */ = {isa = PBXBuildFile; fileRef = 231026F61EC1F35100920F40 /* MultiPageScanViewControllerTests.swift */; };
		231026FB1EC21B1E00920F40 /* CameraViewControllerTests.swift in Sources */ = {isa = PBXBuildFile; fileRef = 231026FA1EC21B1E00920F40 /* CameraViewControllerTests.swift */; };
		231027051EC21F2500920F40 /* TestUtils.swift in Sources */ = {isa = PBXBuildFile; fileRef = 231027031EC21E8E00920F40 /* TestUtils.swift */; };
		231027081EC337E100920F40 /* FakeCamera.swift in Sources */ = {isa = PBXBuildFile; fileRef = 231027071EC337E100920F40 /* FakeCamera.swift */; };
		2310270A1EC473C100920F40 /* CameraOptionsViewControllerTests.swift in Sources */ = {isa = PBXBuildFile; fileRef = 231027091EC473C100920F40 /* CameraOptionsViewControllerTests.swift */; };
		2310270E1EC49BD900920F40 /* PagesCollectionViewControllerTests.swift in Sources */ = {isa = PBXBuildFile; fileRef = 2310270D1EC49BD900920F40 /* PagesCollectionViewControllerTests.swift */; };
		23128CFD1EFA7ED0004F2A62 /* ErrorTests.swift in Sources */ = {isa = PBXBuildFile; fileRef = 23128CFC1EFA7ED0004F2A62 /* ErrorTests.swift */; };
		23128D061F03DA72004F2A62 /* OnboardingPageViewControllerTests.swift in Sources */ = {isa = PBXBuildFile; fileRef = 23128D051F03DA72004F2A62 /* OnboardingPageViewControllerTests.swift */; };
		23128D0A1F03E7A3004F2A62 /* GiniSwitchOnboardingTests.swift in Sources */ = {isa = PBXBuildFile; fileRef = 23128D091F03E7A3004F2A62 /* GiniSwitchOnboardingTests.swift */; };
		23128D0E1F0A3C25004F2A62 /* ExtractionsCompletedViewControllerTests.swift in Sources */ = {isa = PBXBuildFile; fileRef = 23128D0D1F0A3C25004F2A62 /* ExtractionsCompletedViewControllerTests.swift */; };
		232CFB751EC4CB44009D464A /* PageCollectionViewCellTests.swift in Sources */ = {isa = PBXBuildFile; fileRef = 232CFB741EC4CB44009D464A /* PageCollectionViewCellTests.swift */; };
		232CFB7A1EC9D18E009D464A /* ScanPageTests.swift in Sources */ = {isa = PBXBuildFile; fileRef = 232CFB791EC9D18E009D464A /* ScanPageTests.swift */; };
		232CFB7E1EC9D4D5009D464A /* Images.xcassets in Resources */ = {isa = PBXBuildFile; fileRef = 607FACDC1AFB9204008FA782 /* Images.xcassets */; };
		232CFB7F1EC9D4DB009D464A /* Images.xcassets in Resources */ = {isa = PBXBuildFile; fileRef = 607FACDC1AFB9204008FA782 /* Images.xcassets */; };
		233B51A61ECA006400C018B8 /* PageCollectionTests.swift in Sources */ = {isa = PBXBuildFile; fileRef = 233B51A51ECA006400C018B8 /* PageCollectionTests.swift */; };
		2383D19D1ECC449400FF91FD /* ReviewViewControllerTests.swift in Sources */ = {isa = PBXBuildFile; fileRef = 2383D19C1ECC449400FF91FD /* ReviewViewControllerTests.swift */; };
		2399D8881ED32FAC0006D523 /* ExtractionsViewControllerTests.swift in Sources */ = {isa = PBXBuildFile; fileRef = 2399D8871ED32FAC0006D523 /* ExtractionsViewControllerTests.swift */; };
		2399D88C1ED3341D0006D523 /* ExtractionTests.swift in Sources */ = {isa = PBXBuildFile; fileRef = 2399D88B1ED3341D0006D523 /* ExtractionTests.swift */; };
		2399D8901ED336C50006D523 /* ExtractionCollectionTests.swift in Sources */ = {isa = PBXBuildFile; fileRef = 2399D88F1ED336C50006D523 /* ExtractionCollectionTests.swift */; };
		2399D8941ED340490006D523 /* ExtractionsTableViewCellTests.swift in Sources */ = {isa = PBXBuildFile; fileRef = 2399D8931ED340490006D523 /* ExtractionsTableViewCellTests.swift */; };
		23A2DCC61ECB3A5B006093E2 /* MultiPageCoordinatorTests.swift in Sources */ = {isa = PBXBuildFile; fileRef = 23A2DCC51ECB3A5B006093E2 /* MultiPageCoordinatorTests.swift */; };
		23A533711ED8389200EB2229 /* GiniSwitchAppearanceTests.swift in Sources */ = {isa = PBXBuildFile; fileRef = 23A533701ED8389200EB2229 /* GiniSwitchAppearanceTests.swift */; };
		23A533B31EDDB46B00EB2229 /* UserTests.swift in Sources */ = {isa = PBXBuildFile; fileRef = 23A533B21EDDB46B00EB2229 /* UserTests.swift */; };
		23A533B71EDDBA5300EB2229 /* TokenTests.swift in Sources */ = {isa = PBXBuildFile; fileRef = 23A533B61EDDBA5300EB2229 /* TokenTests.swift */; };
		23A533C31EDF035900EB2229 /* UserManagerTests.swift in Sources */ = {isa = PBXBuildFile; fileRef = 23A533C21EDF035900EB2229 /* UserManagerTests.swift */; };
		23A533C71EE6D58D00EB2229 /* SdkBuilder.swift in Sources */ = {isa = PBXBuildFile; fileRef = 23A533C61EE6D58D00EB2229 /* SdkBuilder.swift */; };
		23A533C91EE82EAF00EB2229 /* AuthenticatorTests.swift in Sources */ = {isa = PBXBuildFile; fileRef = 23A533C81EE82EAF00EB2229 /* AuthenticatorTests.swift */; };
		23A533CB1EE831BF00EB2229 /* NoOpWebService.swift in Sources */ = {isa = PBXBuildFile; fileRef = 23A533CA1EE831BF00EB2229 /* NoOpWebService.swift */; };
		23A533CD1EE8354400EB2229 /* MemoryCredentialsStore.swift in Sources */ = {isa = PBXBuildFile; fileRef = 23A533CC1EE8354400EB2229 /* MemoryCredentialsStore.swift */; };
		23A533D11EE944DA00EB2229 /* ExtractionResourcesTests.swift in Sources */ = {isa = PBXBuildFile; fileRef = 23A533D01EE944DA00EB2229 /* ExtractionResourcesTests.swift */; };
		23A533D71EE9A2F000EB2229 /* ExtractionServiceTests.swift in Sources */ = {isa = PBXBuildFile; fileRef = 23A533D61EE9A2F000EB2229 /* ExtractionServiceTests.swift */; };
		23A533DE1EEA95BD00EB2229 /* BaseApiResponseTests.swift in Sources */ = {isa = PBXBuildFile; fileRef = 23A533DD1EEA95BD00EB2229 /* BaseApiResponseTests.swift */; };
		23A533E21EEA9CB900EB2229 /* PagesResponseTests.swift in Sources */ = {isa = PBXBuildFile; fileRef = 23A533E11EEA9CB900EB2229 /* PagesResponseTests.swift */; };
		23A533E71EEAA06900EB2229 /* CreateOrderResponseTests.swift in Sources */ = {isa = PBXBuildFile; fileRef = 23A533E61EEAA06900EB2229 /* CreateOrderResponseTests.swift */; };
		23A533ED1EEAC13A00EB2229 /* AddPageResponseTests.swift in Sources */ = {isa = PBXBuildFile; fileRef = 23A533EC1EEAC13A00EB2229 /* AddPageResponseTests.swift */; };
		23A533F11EEAD01400EB2229 /* ExtractionStatusResponseTests.swift in Sources */ = {isa = PBXBuildFile; fileRef = 23A533F01EEAD01400EB2229 /* ExtractionStatusResponseTests.swift */; };
		23A533F31EEECF9900EB2229 /* ExtractionsManagerTests.swift in Sources */ = {isa = PBXBuildFile; fileRef = 23A533F21EEECF9900EB2229 /* ExtractionsManagerTests.swift */; };
		23A533F91EF28B1700EB2229 /* ExtractionValueTests.swift in Sources */ = {isa = PBXBuildFile; fileRef = 23A533F81EF28B1700EB2229 /* ExtractionValueTests.swift */; };
		23EB01821EC066AF000AB2D9 /* GiniSwitchSdkTests.swift in Sources */ = {isa = PBXBuildFile; fileRef = 23EB01811EC066AF000AB2D9 /* GiniSwitchSdkTests.swift */; };
		23EB01861EC07162000AB2D9 /* GiniSwitchUserInterfaceTests.swift in Sources */ = {isa = PBXBuildFile; fileRef = 23EB01851EC07162000AB2D9 /* GiniSwitchUserInterfaceTests.swift */; };
		607FACD61AFB9204008FA782 /* AppDelegate.swift in Sources */ = {isa = PBXBuildFile; fileRef = 607FACD51AFB9204008FA782 /* AppDelegate.swift */; };
		607FACD81AFB9204008FA782 /* SwitchExampleViewController.swift in Sources */ = {isa = PBXBuildFile; fileRef = 607FACD71AFB9204008FA782 /* SwitchExampleViewController.swift */; };
		607FACDB1AFB9204008FA782 /* Main.storyboard in Resources */ = {isa = PBXBuildFile; fileRef = 607FACD91AFB9204008FA782 /* Main.storyboard */; };
		607FACE01AFB9204008FA782 /* LaunchScreen.xib in Resources */ = {isa = PBXBuildFile; fileRef = 607FACDE1AFB9204008FA782 /* LaunchScreen.xib */; };
		A9643D32B1A23CCCDBA5001E /* Pods_GiniTariffSDK_Tests.framework in Frameworks */ = {isa = PBXBuildFile; fileRef = 479D38B1B836C845FC917420 /* Pods_GiniTariffSDK_Tests.framework */; };
		CE77BD9C7C81B11836980A91 /* Pods_GiniTariffSDK_Example.framework in Frameworks */ = {isa = PBXBuildFile; fileRef = 7A79E6BAB3B5016F9103DB92 /* Pods_GiniTariffSDK_Example.framework */; };
/* End PBXBuildFile section */

/* Begin PBXContainerItemProxy section */
		607FACE61AFB9204008FA782 /* PBXContainerItemProxy */ = {
			isa = PBXContainerItemProxy;
			containerPortal = 607FACC81AFB9204008FA782 /* Project object */;
			proxyType = 1;
			remoteGlobalIDString = 607FACCF1AFB9204008FA782;
			remoteInfo = GiniTariffSDK;
		};
/* End PBXContainerItemProxy section */

/* Begin PBXFileReference section */
		219ECBFC9AA80E39726A7754 /* GiniTariffSDK.podspec */ = {isa = PBXFileReference; includeInIndex = 1; lastKnownFileType = text; name = GiniTariffSDK.podspec; path = ../GiniTariffSDK.podspec; sourceTree = "<group>"; };
		230B0A2D1ED59ADB00892467 /* PreviewViewControllerTests.swift */ = {isa = PBXFileReference; fileEncoding = 4; lastKnownFileType = sourcecode.swift; path = PreviewViewControllerTests.swift; sourceTree = "<group>"; };
		231026E81EC0ADCD00920F40 /* GiniSwitchConsoleLoggerTests.swift */ = {isa = PBXFileReference; fileEncoding = 4; lastKnownFileType = sourcecode.swift; path = GiniSwitchConsoleLoggerTests.swift; sourceTree = "<group>"; };
		231026F61EC1F35100920F40 /* MultiPageScanViewControllerTests.swift */ = {isa = PBXFileReference; fileEncoding = 4; lastKnownFileType = sourcecode.swift; path = MultiPageScanViewControllerTests.swift; sourceTree = "<group>"; };
		231026FA1EC21B1E00920F40 /* CameraViewControllerTests.swift */ = {isa = PBXFileReference; fileEncoding = 4; lastKnownFileType = sourcecode.swift; path = CameraViewControllerTests.swift; sourceTree = "<group>"; };
		231027031EC21E8E00920F40 /* TestUtils.swift */ = {isa = PBXFileReference; fileEncoding = 4; lastKnownFileType = sourcecode.swift; path = TestUtils.swift; sourceTree = "<group>"; };
		231027071EC337E100920F40 /* FakeCamera.swift */ = {isa = PBXFileReference; fileEncoding = 4; lastKnownFileType = sourcecode.swift; name = FakeCamera.swift; path = Mocks/FakeCamera.swift; sourceTree = "<group>"; };
		231027091EC473C100920F40 /* CameraOptionsViewControllerTests.swift */ = {isa = PBXFileReference; fileEncoding = 4; lastKnownFileType = sourcecode.swift; path = CameraOptionsViewControllerTests.swift; sourceTree = "<group>"; };
		2310270D1EC49BD900920F40 /* PagesCollectionViewControllerTests.swift */ = {isa = PBXFileReference; fileEncoding = 4; lastKnownFileType = sourcecode.swift; path = PagesCollectionViewControllerTests.swift; sourceTree = "<group>"; };
		23128CFC1EFA7ED0004F2A62 /* ErrorTests.swift */ = {isa = PBXFileReference; fileEncoding = 4; lastKnownFileType = sourcecode.swift; path = ErrorTests.swift; sourceTree = "<group>"; };
		23128D051F03DA72004F2A62 /* OnboardingPageViewControllerTests.swift */ = {isa = PBXFileReference; fileEncoding = 4; lastKnownFileType = sourcecode.swift; path = OnboardingPageViewControllerTests.swift; sourceTree = "<group>"; };
		23128D091F03E7A3004F2A62 /* GiniSwitchOnboardingTests.swift */ = {isa = PBXFileReference; fileEncoding = 4; lastKnownFileType = sourcecode.swift; path = GiniSwitchOnboardingTests.swift; sourceTree = "<group>"; };
		23128D0D1F0A3C25004F2A62 /* ExtractionsCompletedViewControllerTests.swift */ = {isa = PBXFileReference; fileEncoding = 4; lastKnownFileType = sourcecode.swift; path = ExtractionsCompletedViewControllerTests.swift; sourceTree = "<group>"; };
		232CFB741EC4CB44009D464A /* PageCollectionViewCellTests.swift */ = {isa = PBXFileReference; fileEncoding = 4; lastKnownFileType = sourcecode.swift; path = PageCollectionViewCellTests.swift; sourceTree = "<group>"; };
		232CFB791EC9D18E009D464A /* ScanPageTests.swift */ = {isa = PBXFileReference; fileEncoding = 4; lastKnownFileType = sourcecode.swift; path = ScanPageTests.swift; sourceTree = "<group>"; };
		233B51A51ECA006400C018B8 /* PageCollectionTests.swift */ = {isa = PBXFileReference; fileEncoding = 4; lastKnownFileType = sourcecode.swift; path = PageCollectionTests.swift; sourceTree = "<group>"; };
		2383D19C1ECC449400FF91FD /* ReviewViewControllerTests.swift */ = {isa = PBXFileReference; fileEncoding = 4; lastKnownFileType = sourcecode.swift; path = ReviewViewControllerTests.swift; sourceTree = "<group>"; };
		2399D8871ED32FAC0006D523 /* ExtractionsViewControllerTests.swift */ = {isa = PBXFileReference; fileEncoding = 4; lastKnownFileType = sourcecode.swift; path = ExtractionsViewControllerTests.swift; sourceTree = "<group>"; };
		2399D88B1ED3341D0006D523 /* ExtractionTests.swift */ = {isa = PBXFileReference; fileEncoding = 4; lastKnownFileType = sourcecode.swift; path = ExtractionTests.swift; sourceTree = "<group>"; };
		2399D88F1ED336C50006D523 /* ExtractionCollectionTests.swift */ = {isa = PBXFileReference; fileEncoding = 4; lastKnownFileType = sourcecode.swift; path = ExtractionCollectionTests.swift; sourceTree = "<group>"; };
		2399D8931ED340490006D523 /* ExtractionsTableViewCellTests.swift */ = {isa = PBXFileReference; fileEncoding = 4; lastKnownFileType = sourcecode.swift; path = ExtractionsTableViewCellTests.swift; sourceTree = "<group>"; };
		23A2DCC51ECB3A5B006093E2 /* MultiPageCoordinatorTests.swift */ = {isa = PBXFileReference; fileEncoding = 4; lastKnownFileType = sourcecode.swift; path = MultiPageCoordinatorTests.swift; sourceTree = "<group>"; };
		23A533701ED8389200EB2229 /* GiniSwitchAppearanceTests.swift */ = {isa = PBXFileReference; fileEncoding = 4; lastKnownFileType = sourcecode.swift; path = GiniSwitchAppearanceTests.swift; sourceTree = "<group>"; };
		23A533B21EDDB46B00EB2229 /* UserTests.swift */ = {isa = PBXFileReference; fileEncoding = 4; lastKnownFileType = sourcecode.swift; path = UserTests.swift; sourceTree = "<group>"; };
		23A533B61EDDBA5300EB2229 /* TokenTests.swift */ = {isa = PBXFileReference; fileEncoding = 4; lastKnownFileType = sourcecode.swift; path = TokenTests.swift; sourceTree = "<group>"; };
		23A533C21EDF035900EB2229 /* UserManagerTests.swift */ = {isa = PBXFileReference; fileEncoding = 4; lastKnownFileType = sourcecode.swift; path = UserManagerTests.swift; sourceTree = "<group>"; };
		23A533C61EE6D58D00EB2229 /* SdkBuilder.swift */ = {isa = PBXFileReference; fileEncoding = 4; lastKnownFileType = sourcecode.swift; path = SdkBuilder.swift; sourceTree = "<group>"; };
		23A533C81EE82EAF00EB2229 /* AuthenticatorTests.swift */ = {isa = PBXFileReference; fileEncoding = 4; lastKnownFileType = sourcecode.swift; path = AuthenticatorTests.swift; sourceTree = "<group>"; };
		23A533CA1EE831BF00EB2229 /* NoOpWebService.swift */ = {isa = PBXFileReference; fileEncoding = 4; lastKnownFileType = sourcecode.swift; name = NoOpWebService.swift; path = Mocks/NoOpWebService.swift; sourceTree = "<group>"; };
		23A533CC1EE8354400EB2229 /* MemoryCredentialsStore.swift */ = {isa = PBXFileReference; fileEncoding = 4; lastKnownFileType = sourcecode.swift; name = MemoryCredentialsStore.swift; path = Mocks/MemoryCredentialsStore.swift; sourceTree = "<group>"; };
		23A533D01EE944DA00EB2229 /* ExtractionResourcesTests.swift */ = {isa = PBXFileReference; fileEncoding = 4; lastKnownFileType = sourcecode.swift; path = ExtractionResourcesTests.swift; sourceTree = "<group>"; };
		23A533D61EE9A2F000EB2229 /* ExtractionServiceTests.swift */ = {isa = PBXFileReference; fileEncoding = 4; lastKnownFileType = sourcecode.swift; path = ExtractionServiceTests.swift; sourceTree = "<group>"; };
		23A533DD1EEA95BD00EB2229 /* BaseApiResponseTests.swift */ = {isa = PBXFileReference; fileEncoding = 4; lastKnownFileType = sourcecode.swift; path = BaseApiResponseTests.swift; sourceTree = "<group>"; };
		23A533E11EEA9CB900EB2229 /* PagesResponseTests.swift */ = {isa = PBXFileReference; fileEncoding = 4; lastKnownFileType = sourcecode.swift; path = PagesResponseTests.swift; sourceTree = "<group>"; };
		23A533E61EEAA06900EB2229 /* CreateOrderResponseTests.swift */ = {isa = PBXFileReference; fileEncoding = 4; lastKnownFileType = sourcecode.swift; path = CreateOrderResponseTests.swift; sourceTree = "<group>"; };
		23A533EC1EEAC13A00EB2229 /* AddPageResponseTests.swift */ = {isa = PBXFileReference; fileEncoding = 4; lastKnownFileType = sourcecode.swift; path = AddPageResponseTests.swift; sourceTree = "<group>"; };
		23A533F01EEAD01400EB2229 /* ExtractionStatusResponseTests.swift */ = {isa = PBXFileReference; fileEncoding = 4; lastKnownFileType = sourcecode.swift; path = ExtractionStatusResponseTests.swift; sourceTree = "<group>"; };
		23A533F21EEECF9900EB2229 /* ExtractionsManagerTests.swift */ = {isa = PBXFileReference; fileEncoding = 4; lastKnownFileType = sourcecode.swift; path = ExtractionsManagerTests.swift; sourceTree = "<group>"; };
		23A533F81EF28B1700EB2229 /* ExtractionValueTests.swift */ = {isa = PBXFileReference; fileEncoding = 4; lastKnownFileType = sourcecode.swift; path = ExtractionValueTests.swift; sourceTree = "<group>"; };
		23EB01811EC066AF000AB2D9 /* GiniSwitchSdkTests.swift */ = {isa = PBXFileReference; fileEncoding = 4; lastKnownFileType = sourcecode.swift; path = GiniSwitchSdkTests.swift; sourceTree = "<group>"; };
		23EB01851EC07162000AB2D9 /* GiniSwitchUserInterfaceTests.swift */ = {isa = PBXFileReference; fileEncoding = 4; lastKnownFileType = sourcecode.swift; path = GiniSwitchUserInterfaceTests.swift; sourceTree = "<group>"; };
		36E73D8BC7FE58332DC0B4DC /* Pods-GiniTariffSDK_Tests.debug.xcconfig */ = {isa = PBXFileReference; includeInIndex = 1; lastKnownFileType = text.xcconfig; name = "Pods-GiniTariffSDK_Tests.debug.xcconfig"; path = "Pods/Target Support Files/Pods-GiniTariffSDK_Tests/Pods-GiniTariffSDK_Tests.debug.xcconfig"; sourceTree = "<group>"; };
		479D38B1B836C845FC917420 /* Pods_GiniTariffSDK_Tests.framework */ = {isa = PBXFileReference; explicitFileType = wrapper.framework; includeInIndex = 0; path = Pods_GiniTariffSDK_Tests.framework; sourceTree = BUILT_PRODUCTS_DIR; };
		507D93D397E6308AE3280C40 /* README.md */ = {isa = PBXFileReference; includeInIndex = 1; lastKnownFileType = net.daringfireball.markdown; name = README.md; path = ../README.md; sourceTree = "<group>"; };
		607FACD01AFB9204008FA782 /* GiniSwitchSDK_Example.app */ = {isa = PBXFileReference; explicitFileType = wrapper.application; includeInIndex = 0; path = GiniSwitchSDK_Example.app; sourceTree = BUILT_PRODUCTS_DIR; };
		607FACD41AFB9204008FA782 /* Info.plist */ = {isa = PBXFileReference; lastKnownFileType = text.plist.xml; path = Info.plist; sourceTree = "<group>"; };
		607FACD51AFB9204008FA782 /* AppDelegate.swift */ = {isa = PBXFileReference; lastKnownFileType = sourcecode.swift; path = AppDelegate.swift; sourceTree = "<group>"; };
		607FACD71AFB9204008FA782 /* SwitchExampleViewController.swift */ = {isa = PBXFileReference; lastKnownFileType = sourcecode.swift; path = SwitchExampleViewController.swift; sourceTree = "<group>"; };
		607FACDA1AFB9204008FA782 /* Base */ = {isa = PBXFileReference; lastKnownFileType = file.storyboard; name = Base; path = Base.lproj/Main.storyboard; sourceTree = "<group>"; };
		607FACDC1AFB9204008FA782 /* Images.xcassets */ = {isa = PBXFileReference; lastKnownFileType = folder.assetcatalog; path = Images.xcassets; sourceTree = "<group>"; };
		607FACDF1AFB9204008FA782 /* Base */ = {isa = PBXFileReference; lastKnownFileType = file.xib; name = Base; path = Base.lproj/LaunchScreen.xib; sourceTree = "<group>"; };
		607FACE51AFB9204008FA782 /* GiniSwitchSDK_Tests.xctest */ = {isa = PBXFileReference; explicitFileType = wrapper.cfbundle; includeInIndex = 0; path = GiniSwitchSDK_Tests.xctest; sourceTree = BUILT_PRODUCTS_DIR; };
		607FACEA1AFB9204008FA782 /* Info.plist */ = {isa = PBXFileReference; lastKnownFileType = text.plist.xml; path = Info.plist; sourceTree = "<group>"; };
		7A79E6BAB3B5016F9103DB92 /* Pods_GiniTariffSDK_Example.framework */ = {isa = PBXFileReference; explicitFileType = wrapper.framework; includeInIndex = 0; path = Pods_GiniTariffSDK_Example.framework; sourceTree = BUILT_PRODUCTS_DIR; };
		7FF3BD5EE7DFDBDF18C313ED /* Pods-GiniTariffSDK_Tests.release.xcconfig */ = {isa = PBXFileReference; includeInIndex = 1; lastKnownFileType = text.xcconfig; name = "Pods-GiniTariffSDK_Tests.release.xcconfig"; path = "Pods/Target Support Files/Pods-GiniTariffSDK_Tests/Pods-GiniTariffSDK_Tests.release.xcconfig"; sourceTree = "<group>"; };
		B7315DA6E9491540C8EA66C1 /* Pods-GiniTariffSDK_Example.debug.xcconfig */ = {isa = PBXFileReference; includeInIndex = 1; lastKnownFileType = text.xcconfig; name = "Pods-GiniTariffSDK_Example.debug.xcconfig"; path = "Pods/Target Support Files/Pods-GiniTariffSDK_Example/Pods-GiniTariffSDK_Example.debug.xcconfig"; sourceTree = "<group>"; };
		B86004D8E4C3C505D6767EFC /* LICENSE */ = {isa = PBXFileReference; includeInIndex = 1; lastKnownFileType = text; name = LICENSE; path = ../LICENSE; sourceTree = "<group>"; };
		DBBE0DF57DCF411A5837179B /* Pods-GiniTariffSDK_Example.release.xcconfig */ = {isa = PBXFileReference; includeInIndex = 1; lastKnownFileType = text.xcconfig; name = "Pods-GiniTariffSDK_Example.release.xcconfig"; path = "Pods/Target Support Files/Pods-GiniTariffSDK_Example/Pods-GiniTariffSDK_Example.release.xcconfig"; sourceTree = "<group>"; };
/* End PBXFileReference section */

/* Begin PBXFrameworksBuildPhase section */
		607FACCD1AFB9204008FA782 /* Frameworks */ = {
			isa = PBXFrameworksBuildPhase;
			buildActionMask = 2147483647;
			files = (
				CE77BD9C7C81B11836980A91 /* Pods_GiniTariffSDK_Example.framework in Frameworks */,
			);
			runOnlyForDeploymentPostprocessing = 0;
		};
		607FACE21AFB9204008FA782 /* Frameworks */ = {
			isa = PBXFrameworksBuildPhase;
			buildActionMask = 2147483647;
			files = (
				A9643D32B1A23CCCDBA5001E /* Pods_GiniTariffSDK_Tests.framework in Frameworks */,
			);
			runOnlyForDeploymentPostprocessing = 0;
		};
/* End PBXFrameworksBuildPhase section */

/* Begin PBXGroup section */
		231027061EC337A600920F40 /* Mocks */ = {
			isa = PBXGroup;
			children = (
				231027071EC337E100920F40 /* FakeCamera.swift */,
				23A533CA1EE831BF00EB2229 /* NoOpWebService.swift */,
				23A533CC1EE8354400EB2229 /* MemoryCredentialsStore.swift */,
			);
			name = Mocks;
			sourceTree = "<group>";
		};
		5F56B1F6BDA64C23D7FC5F1E /* Pods */ = {
			isa = PBXGroup;
			children = (
				8641D7D15DC10B07250D5706 /* Frameworks */,
				B7315DA6E9491540C8EA66C1 /* Pods-GiniTariffSDK_Example.debug.xcconfig */,
				DBBE0DF57DCF411A5837179B /* Pods-GiniTariffSDK_Example.release.xcconfig */,
				36E73D8BC7FE58332DC0B4DC /* Pods-GiniTariffSDK_Tests.debug.xcconfig */,
				7FF3BD5EE7DFDBDF18C313ED /* Pods-GiniTariffSDK_Tests.release.xcconfig */,
			);
			name = Pods;
			sourceTree = "<group>";
		};
		607FACC71AFB9204008FA782 = {
			isa = PBXGroup;
			children = (
				607FACF51AFB993E008FA782 /* Podspec Metadata */,
				607FACD21AFB9204008FA782 /* Example for GiniSwitchSDK */,
				607FACE81AFB9204008FA782 /* Tests */,
				607FACD11AFB9204008FA782 /* Products */,
				5F56B1F6BDA64C23D7FC5F1E /* Pods */,
			);
			sourceTree = "<group>";
		};
		607FACD11AFB9204008FA782 /* Products */ = {
			isa = PBXGroup;
			children = (
				607FACD01AFB9204008FA782 /* GiniSwitchSDK_Example.app */,
				607FACE51AFB9204008FA782 /* GiniSwitchSDK_Tests.xctest */,
			);
			name = Products;
			sourceTree = "<group>";
		};
		607FACD21AFB9204008FA782 /* Example for GiniSwitchSDK */ = {
			isa = PBXGroup;
			children = (
				607FACD51AFB9204008FA782 /* AppDelegate.swift */,
				607FACD71AFB9204008FA782 /* SwitchExampleViewController.swift */,
				23A533C61EE6D58D00EB2229 /* SdkBuilder.swift */,
				607FACD91AFB9204008FA782 /* Main.storyboard */,
				607FACDC1AFB9204008FA782 /* Images.xcassets */,
				607FACDE1AFB9204008FA782 /* LaunchScreen.xib */,
				607FACD31AFB9204008FA782 /* Supporting Files */,
			);
			name = "Example for GiniSwitchSDK";
			path = GiniTariffSDK;
			sourceTree = "<group>";
		};
		607FACD31AFB9204008FA782 /* Supporting Files */ = {
			isa = PBXGroup;
			children = (
				607FACD41AFB9204008FA782 /* Info.plist */,
			);
			name = "Supporting Files";
			sourceTree = "<group>";
		};
		607FACE81AFB9204008FA782 /* Tests */ = {
			isa = PBXGroup;
			children = (
				231027061EC337A600920F40 /* Mocks */,
				607FACE91AFB9204008FA782 /* Supporting Files */,
				23EB01811EC066AF000AB2D9 /* GiniSwitchSdkTests.swift */,
				23EB01851EC07162000AB2D9 /* GiniSwitchUserInterfaceTests.swift */,
				231026E81EC0ADCD00920F40 /* GiniSwitchConsoleLoggerTests.swift */,
				231026F61EC1F35100920F40 /* MultiPageScanViewControllerTests.swift */,
				231026FA1EC21B1E00920F40 /* CameraViewControllerTests.swift */,
				231027031EC21E8E00920F40 /* TestUtils.swift */,
				231027091EC473C100920F40 /* CameraOptionsViewControllerTests.swift */,
				2310270D1EC49BD900920F40 /* PagesCollectionViewControllerTests.swift */,
				232CFB741EC4CB44009D464A /* PageCollectionViewCellTests.swift */,
				232CFB791EC9D18E009D464A /* ScanPageTests.swift */,
				233B51A51ECA006400C018B8 /* PageCollectionTests.swift */,
				23A2DCC51ECB3A5B006093E2 /* MultiPageCoordinatorTests.swift */,
				2383D19C1ECC449400FF91FD /* ReviewViewControllerTests.swift */,
				2399D8871ED32FAC0006D523 /* ExtractionsViewControllerTests.swift */,
				2399D88B1ED3341D0006D523 /* ExtractionTests.swift */,
				2399D88F1ED336C50006D523 /* ExtractionCollectionTests.swift */,
				2399D8931ED340490006D523 /* ExtractionsTableViewCellTests.swift */,
				230B0A2D1ED59ADB00892467 /* PreviewViewControllerTests.swift */,
				23A533701ED8389200EB2229 /* GiniSwitchAppearanceTests.swift */,
				23A533B21EDDB46B00EB2229 /* UserTests.swift */,
				23A533B61EDDBA5300EB2229 /* TokenTests.swift */,
				23A533C21EDF035900EB2229 /* UserManagerTests.swift */,
				23A533C81EE82EAF00EB2229 /* AuthenticatorTests.swift */,
				23A533D01EE944DA00EB2229 /* ExtractionResourcesTests.swift */,
				23A533D61EE9A2F000EB2229 /* ExtractionServiceTests.swift */,
				23A533DD1EEA95BD00EB2229 /* BaseApiResponseTests.swift */,
				23A533E11EEA9CB900EB2229 /* PagesResponseTests.swift */,
				23A533E61EEAA06900EB2229 /* CreateOrderResponseTests.swift */,
				23A533EC1EEAC13A00EB2229 /* AddPageResponseTests.swift */,
				23A533F01EEAD01400EB2229 /* ExtractionStatusResponseTests.swift */,
				23A533F21EEECF9900EB2229 /* ExtractionsManagerTests.swift */,
				23A533F81EF28B1700EB2229 /* ExtractionValueTests.swift */,
				23128CFC1EFA7ED0004F2A62 /* ErrorTests.swift */,
				23128D051F03DA72004F2A62 /* OnboardingPageViewControllerTests.swift */,
				23128D091F03E7A3004F2A62 /* GiniSwitchOnboardingTests.swift */,
				23128D0D1F0A3C25004F2A62 /* ExtractionsCompletedViewControllerTests.swift */,
			);
			path = Tests;
			sourceTree = "<group>";
		};
		607FACE91AFB9204008FA782 /* Supporting Files */ = {
			isa = PBXGroup;
			children = (
				607FACEA1AFB9204008FA782 /* Info.plist */,
			);
			name = "Supporting Files";
			sourceTree = "<group>";
		};
		607FACF51AFB993E008FA782 /* Podspec Metadata */ = {
			isa = PBXGroup;
			children = (
				219ECBFC9AA80E39726A7754 /* GiniTariffSDK.podspec */,
				507D93D397E6308AE3280C40 /* README.md */,
				B86004D8E4C3C505D6767EFC /* LICENSE */,
			);
			name = "Podspec Metadata";
			sourceTree = "<group>";
		};
		8641D7D15DC10B07250D5706 /* Frameworks */ = {
			isa = PBXGroup;
			children = (
				7A79E6BAB3B5016F9103DB92 /* Pods_GiniTariffSDK_Example.framework */,
				479D38B1B836C845FC917420 /* Pods_GiniTariffSDK_Tests.framework */,
			);
			name = Frameworks;
			sourceTree = "<group>";
		};
/* End PBXGroup section */

/* Begin PBXNativeTarget section */
		607FACCF1AFB9204008FA782 /* GiniSwitchSDK_Example */ = {
			isa = PBXNativeTarget;
			buildConfigurationList = 607FACEF1AFB9204008FA782 /* Build configuration list for PBXNativeTarget "GiniSwitchSDK_Example" */;
			buildPhases = (
				0E3B7BE575E7EA2622EA80EA /* [CP] Check Pods Manifest.lock */,
				607FACCC1AFB9204008FA782 /* Sources */,
				607FACCD1AFB9204008FA782 /* Frameworks */,
				607FACCE1AFB9204008FA782 /* Resources */,
				0536B85E07A93802A8B377E2 /* [CP] Embed Pods Frameworks */,
				D75B49A6E3FA6241BC15FDE2 /* [CP] Copy Pods Resources */,
			);
			buildRules = (
			);
			dependencies = (
			);
			name = GiniSwitchSDK_Example;
			productName = GiniTariffSDK;
			productReference = 607FACD01AFB9204008FA782 /* GiniSwitchSDK_Example.app */;
			productType = "com.apple.product-type.application";
		};
		607FACE41AFB9204008FA782 /* GiniSwitchSDK_Tests */ = {
			isa = PBXNativeTarget;
			buildConfigurationList = 607FACF21AFB9204008FA782 /* Build configuration list for PBXNativeTarget "GiniSwitchSDK_Tests" */;
			buildPhases = (
				D0607D7881D29529807E3B32 /* [CP] Check Pods Manifest.lock */,
				607FACE11AFB9204008FA782 /* Sources */,
				607FACE21AFB9204008FA782 /* Frameworks */,
				607FACE31AFB9204008FA782 /* Resources */,
				34E8A74296F5C10515AF1D74 /* [CP] Embed Pods Frameworks */,
				F229A9C26722C4AF4F2EC105 /* [CP] Copy Pods Resources */,
			);
			buildRules = (
			);
			dependencies = (
				607FACE71AFB9204008FA782 /* PBXTargetDependency */,
			);
			name = GiniSwitchSDK_Tests;
			productName = Tests;
			productReference = 607FACE51AFB9204008FA782 /* GiniSwitchSDK_Tests.xctest */;
			productType = "com.apple.product-type.bundle.unit-test";
		};
/* End PBXNativeTarget section */

/* Begin PBXProject section */
		607FACC81AFB9204008FA782 /* Project object */ = {
			isa = PBXProject;
			attributes = {
				LastSwiftUpdateCheck = 0720;
				LastUpgradeCheck = 0820;
				ORGANIZATIONNAME = CocoaPods;
				TargetAttributes = {
					607FACCF1AFB9204008FA782 = {
						CreatedOnToolsVersion = 6.3.1;
						DevelopmentTeam = JA825X8F7Z;
						LastSwiftMigration = 0820;
						ProvisioningStyle = Automatic;
					};
					607FACE41AFB9204008FA782 = {
						CreatedOnToolsVersion = 6.3.1;
						DevelopmentTeam = JA825X8F7Z;
						LastSwiftMigration = 0820;
						ProvisioningStyle = Automatic;
						TestTargetID = 607FACCF1AFB9204008FA782;
					};
				};
			};
			buildConfigurationList = 607FACCB1AFB9204008FA782 /* Build configuration list for PBXProject "GiniSwitchSDK" */;
			compatibilityVersion = "Xcode 3.2";
			developmentRegion = English;
			hasScannedForEncodings = 0;
			knownRegions = (
				en,
				Base,
			);
			mainGroup = 607FACC71AFB9204008FA782;
			productRefGroup = 607FACD11AFB9204008FA782 /* Products */;
			projectDirPath = "";
			projectRoot = "";
			targets = (
				607FACCF1AFB9204008FA782 /* GiniSwitchSDK_Example */,
				607FACE41AFB9204008FA782 /* GiniSwitchSDK_Tests */,
			);
		};
/* End PBXProject section */

/* Begin PBXResourcesBuildPhase section */
		607FACCE1AFB9204008FA782 /* Resources */ = {
			isa = PBXResourcesBuildPhase;
			buildActionMask = 2147483647;
			files = (
				232CFB7F1EC9D4DB009D464A /* Images.xcassets in Resources */,
				607FACDB1AFB9204008FA782 /* Main.storyboard in Resources */,
				607FACE01AFB9204008FA782 /* LaunchScreen.xib in Resources */,
			);
			runOnlyForDeploymentPostprocessing = 0;
		};
		607FACE31AFB9204008FA782 /* Resources */ = {
			isa = PBXResourcesBuildPhase;
			buildActionMask = 2147483647;
			files = (
				232CFB7E1EC9D4D5009D464A /* Images.xcassets in Resources */,
			);
			runOnlyForDeploymentPostprocessing = 0;
		};
/* End PBXResourcesBuildPhase section */

/* Begin PBXShellScriptBuildPhase section */
		0536B85E07A93802A8B377E2 /* [CP] Embed Pods Frameworks */ = {
			isa = PBXShellScriptBuildPhase;
			buildActionMask = 2147483647;
			files = (
			);
			inputPaths = (
			);
			name = "[CP] Embed Pods Frameworks";
			outputPaths = (
			);
			runOnlyForDeploymentPostprocessing = 0;
			shellPath = /bin/sh;
			shellScript = "\"${SRCROOT}/Pods/Target Support Files/Pods-GiniTariffSDK_Example/Pods-GiniTariffSDK_Example-frameworks.sh\"\n";
			showEnvVarsInLog = 0;
		};
		0E3B7BE575E7EA2622EA80EA /* [CP] Check Pods Manifest.lock */ = {
			isa = PBXShellScriptBuildPhase;
			buildActionMask = 2147483647;
			files = (
			);
			inputPaths = (
			);
			name = "[CP] Check Pods Manifest.lock";
			outputPaths = (
			);
			runOnlyForDeploymentPostprocessing = 0;
			shellPath = /bin/sh;
			shellScript = "diff \"${PODS_PODFILE_DIR_PATH}/Podfile.lock\" \"${PODS_ROOT}/Manifest.lock\" > /dev/null\nif [ $? != 0 ] ; then\n    # print error to STDERR\n    echo \"error: The sandbox is not in sync with the Podfile.lock. Run 'pod install' or update your CocoaPods installation.\" >&2\n    exit 1\nfi\n";
			showEnvVarsInLog = 0;
		};
		34E8A74296F5C10515AF1D74 /* [CP] Embed Pods Frameworks */ = {
			isa = PBXShellScriptBuildPhase;
			buildActionMask = 2147483647;
			files = (
			);
			inputPaths = (
			);
			name = "[CP] Embed Pods Frameworks";
			outputPaths = (
			);
			runOnlyForDeploymentPostprocessing = 0;
			shellPath = /bin/sh;
			shellScript = "\"${SRCROOT}/Pods/Target Support Files/Pods-GiniTariffSDK_Tests/Pods-GiniTariffSDK_Tests-frameworks.sh\"\n";
			showEnvVarsInLog = 0;
		};
		D0607D7881D29529807E3B32 /* [CP] Check Pods Manifest.lock */ = {
			isa = PBXShellScriptBuildPhase;
			buildActionMask = 2147483647;
			files = (
			);
			inputPaths = (
			);
			name = "[CP] Check Pods Manifest.lock";
			outputPaths = (
			);
			runOnlyForDeploymentPostprocessing = 0;
			shellPath = /bin/sh;
			shellScript = "diff \"${PODS_PODFILE_DIR_PATH}/Podfile.lock\" \"${PODS_ROOT}/Manifest.lock\" > /dev/null\nif [ $? != 0 ] ; then\n    # print error to STDERR\n    echo \"error: The sandbox is not in sync with the Podfile.lock. Run 'pod install' or update your CocoaPods installation.\" >&2\n    exit 1\nfi\n";
			showEnvVarsInLog = 0;
		};
		D75B49A6E3FA6241BC15FDE2 /* [CP] Copy Pods Resources */ = {
			isa = PBXShellScriptBuildPhase;
			buildActionMask = 2147483647;
			files = (
			);
			inputPaths = (
			);
			name = "[CP] Copy Pods Resources";
			outputPaths = (
			);
			runOnlyForDeploymentPostprocessing = 0;
			shellPath = /bin/sh;
			shellScript = "\"${SRCROOT}/Pods/Target Support Files/Pods-GiniTariffSDK_Example/Pods-GiniTariffSDK_Example-resources.sh\"\n";
			showEnvVarsInLog = 0;
		};
		F229A9C26722C4AF4F2EC105 /* [CP] Copy Pods Resources */ = {
			isa = PBXShellScriptBuildPhase;
			buildActionMask = 2147483647;
			files = (
			);
			inputPaths = (
			);
			name = "[CP] Copy Pods Resources";
			outputPaths = (
			);
			runOnlyForDeploymentPostprocessing = 0;
			shellPath = /bin/sh;
			shellScript = "\"${SRCROOT}/Pods/Target Support Files/Pods-GiniTariffSDK_Tests/Pods-GiniTariffSDK_Tests-resources.sh\"\n";
			showEnvVarsInLog = 0;
		};
/* End PBXShellScriptBuildPhase section */

/* Begin PBXSourcesBuildPhase section */
		607FACCC1AFB9204008FA782 /* Sources */ = {
			isa = PBXSourcesBuildPhase;
			buildActionMask = 2147483647;
			files = (
				23A533C71EE6D58D00EB2229 /* SdkBuilder.swift in Sources */,
				607FACD81AFB9204008FA782 /* SwitchExampleViewController.swift in Sources */,
				607FACD61AFB9204008FA782 /* AppDelegate.swift in Sources */,
			);
			runOnlyForDeploymentPostprocessing = 0;
		};
		607FACE11AFB9204008FA782 /* Sources */ = {
			isa = PBXSourcesBuildPhase;
			buildActionMask = 2147483647;
			files = (
				232CFB751EC4CB44009D464A /* PageCollectionViewCellTests.swift in Sources */,
				23128D0E1F0A3C25004F2A62 /* ExtractionsCompletedViewControllerTests.swift in Sources */,
				23A533D11EE944DA00EB2229 /* ExtractionResourcesTests.swift in Sources */,
				23A533711ED8389200EB2229 /* GiniSwitchAppearanceTests.swift in Sources */,
				231026F71EC1F35100920F40 /* MultiPageScanViewControllerTests.swift in Sources */,
				23A533B71EDDBA5300EB2229 /* TokenTests.swift in Sources */,
				23A533B31EDDB46B00EB2229 /* UserTests.swift in Sources */,
				23128D0A1F03E7A3004F2A62 /* GiniSwitchOnboardingTests.swift in Sources */,
				23A533F91EF28B1700EB2229 /* ExtractionValueTests.swift in Sources */,
				233B51A61ECA006400C018B8 /* PageCollectionTests.swift in Sources */,
				2310270A1EC473C100920F40 /* CameraOptionsViewControllerTests.swift in Sources */,
				23A533F31EEECF9900EB2229 /* ExtractionsManagerTests.swift in Sources */,
				2399D88C1ED3341D0006D523 /* ExtractionTests.swift in Sources */,
				23A533E21EEA9CB900EB2229 /* PagesResponseTests.swift in Sources */,
				23A533DE1EEA95BD00EB2229 /* BaseApiResponseTests.swift in Sources */,
				23A533F11EEAD01400EB2229 /* ExtractionStatusResponseTests.swift in Sources */,
				2399D8901ED336C50006D523 /* ExtractionCollectionTests.swift in Sources */,
				23A533CB1EE831BF00EB2229 /* NoOpWebService.swift in Sources */,
				23A2DCC61ECB3A5B006093E2 /* MultiPageCoordinatorTests.swift in Sources */,
				23A533D71EE9A2F000EB2229 /* ExtractionServiceTests.swift in Sources */,
				232CFB7A1EC9D18E009D464A /* ScanPageTests.swift in Sources */,
				2399D8881ED32FAC0006D523 /* ExtractionsViewControllerTests.swift in Sources */,
				23A533C31EDF035900EB2229 /* UserManagerTests.swift in Sources */,
				231026FB1EC21B1E00920F40 /* CameraViewControllerTests.swift in Sources */,
				23EB01821EC066AF000AB2D9 /* GiniSwitchSdkTests.swift in Sources */,
				231027081EC337E100920F40 /* FakeCamera.swift in Sources */,
				23A533CD1EE8354400EB2229 /* MemoryCredentialsStore.swift in Sources */,
				23A533E71EEAA06900EB2229 /* CreateOrderResponseTests.swift in Sources */,
				230B0A2E1ED59ADB00892467 /* PreviewViewControllerTests.swift in Sources */,
				23A533C91EE82EAF00EB2229 /* AuthenticatorTests.swift in Sources */,
				23EB01861EC07162000AB2D9 /* GiniSwitchUserInterfaceTests.swift in Sources */,
				23128D061F03DA72004F2A62 /* OnboardingPageViewControllerTests.swift in Sources */,
				231027051EC21F2500920F40 /* TestUtils.swift in Sources */,
				2383D19D1ECC449400FF91FD /* ReviewViewControllerTests.swift in Sources */,
				231026E91EC0ADCD00920F40 /* GiniSwitchConsoleLoggerTests.swift in Sources */,
				23128CFD1EFA7ED0004F2A62 /* ErrorTests.swift in Sources */,
				23A533ED1EEAC13A00EB2229 /* AddPageResponseTests.swift in Sources */,
				2399D8941ED340490006D523 /* ExtractionsTableViewCellTests.swift in Sources */,
				2310270E1EC49BD900920F40 /* PagesCollectionViewControllerTests.swift in Sources */,
			);
			runOnlyForDeploymentPostprocessing = 0;
		};
/* End PBXSourcesBuildPhase section */

/* Begin PBXTargetDependency section */
		607FACE71AFB9204008FA782 /* PBXTargetDependency */ = {
			isa = PBXTargetDependency;
			target = 607FACCF1AFB9204008FA782 /* GiniSwitchSDK_Example */;
			targetProxy = 607FACE61AFB9204008FA782 /* PBXContainerItemProxy */;
		};
/* End PBXTargetDependency section */

/* Begin PBXVariantGroup section */
		607FACD91AFB9204008FA782 /* Main.storyboard */ = {
			isa = PBXVariantGroup;
			children = (
				607FACDA1AFB9204008FA782 /* Base */,
			);
			name = Main.storyboard;
			sourceTree = "<group>";
		};
		607FACDE1AFB9204008FA782 /* LaunchScreen.xib */ = {
			isa = PBXVariantGroup;
			children = (
				607FACDF1AFB9204008FA782 /* Base */,
			);
			name = LaunchScreen.xib;
			sourceTree = "<group>";
		};
/* End PBXVariantGroup section */

/* Begin XCBuildConfiguration section */
		607FACED1AFB9204008FA782 /* Debug */ = {
			isa = XCBuildConfiguration;
			buildSettings = {
				ALWAYS_SEARCH_USER_PATHS = NO;
				CLANG_CXX_LANGUAGE_STANDARD = "gnu++0x";
				CLANG_CXX_LIBRARY = "libc++";
				CLANG_ENABLE_MODULES = YES;
				CLANG_ENABLE_OBJC_ARC = YES;
				CLANG_WARN_BOOL_CONVERSION = YES;
				CLANG_WARN_CONSTANT_CONVERSION = YES;
				CLANG_WARN_DIRECT_OBJC_ISA_USAGE = YES_ERROR;
				CLANG_WARN_EMPTY_BODY = YES;
				CLANG_WARN_ENUM_CONVERSION = YES;
				CLANG_WARN_INFINITE_RECURSION = YES;
				CLANG_WARN_INT_CONVERSION = YES;
				CLANG_WARN_OBJC_ROOT_CLASS = YES_ERROR;
				CLANG_WARN_SUSPICIOUS_MOVE = YES;
				CLANG_WARN_UNREACHABLE_CODE = YES;
				CLANG_WARN__DUPLICATE_METHOD_MATCH = YES;
				CODE_SIGN_IDENTITY = "iPhone Developer";
				"CODE_SIGN_IDENTITY[sdk=iphoneos*]" = "iPhone Developer";
				COPY_PHASE_STRIP = NO;
				DEBUG_INFORMATION_FORMAT = "dwarf-with-dsym";
				DEVELOPMENT_TEAM = 5ARZ8DHL7Z;
				ENABLE_STRICT_OBJC_MSGSEND = YES;
				ENABLE_TESTABILITY = YES;
				GCC_C_LANGUAGE_STANDARD = gnu99;
				GCC_DYNAMIC_NO_PIC = NO;
				GCC_NO_COMMON_BLOCKS = YES;
				GCC_OPTIMIZATION_LEVEL = 0;
				GCC_PREPROCESSOR_DEFINITIONS = (
					"DEBUG=1",
					"$(inherited)",
				);
				GCC_SYMBOLS_PRIVATE_EXTERN = NO;
				GCC_WARN_64_TO_32_BIT_CONVERSION = YES;
				GCC_WARN_ABOUT_RETURN_TYPE = YES_ERROR;
				GCC_WARN_UNDECLARED_SELECTOR = YES;
				GCC_WARN_UNINITIALIZED_AUTOS = YES_AGGRESSIVE;
				GCC_WARN_UNUSED_FUNCTION = YES;
				GCC_WARN_UNUSED_VARIABLE = YES;
				IPHONEOS_DEPLOYMENT_TARGET = 8.3;
				MTL_ENABLE_DEBUG_INFO = YES;
				ONLY_ACTIVE_ARCH = YES;
				PROVISIONING_PROFILE = "05926762-7aa7-4d94-b473-d9ffedf4258c";
				SDKROOT = iphoneos;
				SWIFT_OPTIMIZATION_LEVEL = "-Onone";
			};
			name = Debug;
		};
		607FACEE1AFB9204008FA782 /* Release */ = {
			isa = XCBuildConfiguration;
			buildSettings = {
				ALWAYS_SEARCH_USER_PATHS = NO;
				CLANG_CXX_LANGUAGE_STANDARD = "gnu++0x";
				CLANG_CXX_LIBRARY = "libc++";
				CLANG_ENABLE_MODULES = YES;
				CLANG_ENABLE_OBJC_ARC = YES;
				CLANG_WARN_BOOL_CONVERSION = YES;
				CLANG_WARN_CONSTANT_CONVERSION = YES;
				CLANG_WARN_DIRECT_OBJC_ISA_USAGE = YES_ERROR;
				CLANG_WARN_EMPTY_BODY = YES;
				CLANG_WARN_ENUM_CONVERSION = YES;
				CLANG_WARN_INFINITE_RECURSION = YES;
				CLANG_WARN_INT_CONVERSION = YES;
				CLANG_WARN_OBJC_ROOT_CLASS = YES_ERROR;
				CLANG_WARN_SUSPICIOUS_MOVE = YES;
				CLANG_WARN_UNREACHABLE_CODE = YES;
				CLANG_WARN__DUPLICATE_METHOD_MATCH = YES;
				CODE_SIGN_IDENTITY = "iPhone Developer";
				"CODE_SIGN_IDENTITY[sdk=iphoneos*]" = "iPhone Developer";
				COPY_PHASE_STRIP = NO;
				DEBUG_INFORMATION_FORMAT = "dwarf-with-dsym";
				DEVELOPMENT_TEAM = 5ARZ8DHL7Z;
				ENABLE_NS_ASSERTIONS = NO;
				ENABLE_STRICT_OBJC_MSGSEND = YES;
				GCC_C_LANGUAGE_STANDARD = gnu99;
				GCC_NO_COMMON_BLOCKS = YES;
				GCC_WARN_64_TO_32_BIT_CONVERSION = YES;
				GCC_WARN_ABOUT_RETURN_TYPE = YES_ERROR;
				GCC_WARN_UNDECLARED_SELECTOR = YES;
				GCC_WARN_UNINITIALIZED_AUTOS = YES_AGGRESSIVE;
				GCC_WARN_UNUSED_FUNCTION = YES;
				GCC_WARN_UNUSED_VARIABLE = YES;
				IPHONEOS_DEPLOYMENT_TARGET = 8.3;
				MTL_ENABLE_DEBUG_INFO = NO;
				PROVISIONING_PROFILE = "05926762-7aa7-4d94-b473-d9ffedf4258c";
				SDKROOT = iphoneos;
				SWIFT_OPTIMIZATION_LEVEL = "-Owholemodule";
				VALIDATE_PRODUCT = YES;
			};
			name = Release;
		};
		607FACF01AFB9204008FA782 /* Debug */ = {
			isa = XCBuildConfiguration;
			baseConfigurationReference = B7315DA6E9491540C8EA66C1 /* Pods-GiniTariffSDK_Example.debug.xcconfig */;
			buildSettings = {
				ASSETCATALOG_COMPILER_APPICON_NAME = AppIcon;
				CODE_SIGN_IDENTITY = "iPhone Developer";
				"CODE_SIGN_IDENTITY[sdk=iphoneos*]" = "iPhone Developer";
				DEVELOPMENT_TEAM = JA825X8F7Z;
				INFOPLIST_FILE = GiniTariffSDK/Info.plist;
				LD_RUNPATH_SEARCH_PATHS = "$(inherited) @executable_path/Frameworks";
				MODULE_NAME = ExampleApp;
				PRODUCT_BUNDLE_IDENTIFIER = net.gini.tariff.example;
				PRODUCT_NAME = "$(TARGET_NAME)";
				PROVISIONING_PROFILE = "";
				PROVISIONING_PROFILE_SPECIFIER = "";
				SWIFT_VERSION = 3.0;
			};
			name = Debug;
		};
		607FACF11AFB9204008FA782 /* Release */ = {
			isa = XCBuildConfiguration;
			baseConfigurationReference = DBBE0DF57DCF411A5837179B /* Pods-GiniTariffSDK_Example.release.xcconfig */;
			buildSettings = {
				ASSETCATALOG_COMPILER_APPICON_NAME = AppIcon;
				CODE_SIGN_IDENTITY = "iPhone Developer";
				"CODE_SIGN_IDENTITY[sdk=iphoneos*]" = "iPhone Developer";
				DEVELOPMENT_TEAM = JA825X8F7Z;
				INFOPLIST_FILE = GiniTariffSDK/Info.plist;
				LD_RUNPATH_SEARCH_PATHS = "$(inherited) @executable_path/Frameworks";
				MODULE_NAME = ExampleApp;
				PRODUCT_BUNDLE_IDENTIFIER = net.gini.tariff.example;
				PRODUCT_NAME = "$(TARGET_NAME)";
				PROVISIONING_PROFILE = "";
				PROVISIONING_PROFILE_SPECIFIER = "";
				SWIFT_VERSION = 3.0;
			};
			name = Release;
		};
		607FACF31AFB9204008FA782 /* Debug */ = {
			isa = XCBuildConfiguration;
			baseConfigurationReference = 36E73D8BC7FE58332DC0B4DC /* Pods-GiniTariffSDK_Tests.debug.xcconfig */;
			buildSettings = {
				CODE_SIGN_IDENTITY = "iPhone Developer";
				"CODE_SIGN_IDENTITY[sdk=iphoneos*]" = "iPhone Developer";
				DEVELOPMENT_TEAM = JA825X8F7Z;
				FRAMEWORK_SEARCH_PATHS = (
					"$(SDKROOT)/Developer/Library/Frameworks",
					"$(inherited)",
				);
				GCC_PREPROCESSOR_DEFINITIONS = (
					"DEBUG=1",
					"$(inherited)",
				);
				INFOPLIST_FILE = Tests/Info.plist;
				LD_RUNPATH_SEARCH_PATHS = "$(inherited) @executable_path/Frameworks @loader_path/Frameworks";
				PRODUCT_BUNDLE_IDENTIFIER = "org.cocoapods.$(PRODUCT_NAME:rfc1034identifier)";
				PRODUCT_NAME = "$(TARGET_NAME)";
				PROVISIONING_PROFILE = "";
				PROVISIONING_PROFILE_SPECIFIER = "";
				SWIFT_VERSION = 3.0;
				TEST_HOST = "$(BUILT_PRODUCTS_DIR)/GiniSwitchSDK_Example.app/GiniSwitchSDK_Example";
			};
			name = Debug;
		};
		607FACF41AFB9204008FA782 /* Release */ = {
			isa = XCBuildConfiguration;
			baseConfigurationReference = 7FF3BD5EE7DFDBDF18C313ED /* Pods-GiniTariffSDK_Tests.release.xcconfig */;
			buildSettings = {
				CODE_SIGN_IDENTITY = "iPhone Developer";
				"CODE_SIGN_IDENTITY[sdk=iphoneos*]" = "iPhone Developer";
				DEVELOPMENT_TEAM = JA825X8F7Z;
				FRAMEWORK_SEARCH_PATHS = (
					"$(SDKROOT)/Developer/Library/Frameworks",
					"$(inherited)",
				);
				INFOPLIST_FILE = Tests/Info.plist;
				LD_RUNPATH_SEARCH_PATHS = "$(inherited) @executable_path/Frameworks @loader_path/Frameworks";
				PRODUCT_BUNDLE_IDENTIFIER = "org.cocoapods.$(PRODUCT_NAME:rfc1034identifier)";
				PRODUCT_NAME = "$(TARGET_NAME)";
				PROVISIONING_PROFILE = "";
				PROVISIONING_PROFILE_SPECIFIER = "";
				SWIFT_VERSION = 3.0;
				TEST_HOST = "$(BUILT_PRODUCTS_DIR)/GiniSwitchSDK_Example.app/GiniSwitchSDK_Example";
			};
			name = Release;
		};
/* End XCBuildConfiguration section */

/* Begin XCConfigurationList section */
		607FACCB1AFB9204008FA782 /* Build configuration list for PBXProject "GiniSwitchSDK" */ = {
			isa = XCConfigurationList;
			buildConfigurations = (
				607FACED1AFB9204008FA782 /* Debug */,
				607FACEE1AFB9204008FA782 /* Release */,
			);
			defaultConfigurationIsVisible = 0;
			defaultConfigurationName = Release;
		};
		607FACEF1AFB9204008FA782 /* Build configuration list for PBXNativeTarget "GiniSwitchSDK_Example" */ = {
			isa = XCConfigurationList;
			buildConfigurations = (
				607FACF01AFB9204008FA782 /* Debug */,
				607FACF11AFB9204008FA782 /* Release */,
			);
			defaultConfigurationIsVisible = 0;
			defaultConfigurationName = Release;
		};
		607FACF21AFB9204008FA782 /* Build configuration list for PBXNativeTarget "GiniSwitchSDK_Tests" */ = {
			isa = XCConfigurationList;
			buildConfigurations = (
				607FACF31AFB9204008FA782 /* Debug */,
				607FACF41AFB9204008FA782 /* Release */,
			);
			defaultConfigurationIsVisible = 0;
			defaultConfigurationName = Release;
		};
/* End XCConfigurationList section */
	};
	rootObject = 607FACC81AFB9204008FA782 /* Project object */;
}
